// !$*UTF8*$!
{
	archiveVersion = 1;
	classes = {
	};
	objectVersion = 46;
	objects = {

/* Begin PBXBuildFile section */
		7CC046F7197D582100872EC4 /* Foundation.framework in Frameworks */ = {isa = PBXBuildFile; fileRef = 7CC046F6197D582100872EC4 /* Foundation.framework */; };
		7CC046F9197D582100872EC4 /* CoreGraphics.framework in Frameworks */ = {isa = PBXBuildFile; fileRef = 7CC046F8197D582100872EC4 /* CoreGraphics.framework */; };
		7CC046FB197D582100872EC4 /* UIKit.framework in Frameworks */ = {isa = PBXBuildFile; fileRef = 7CC046FA197D582100872EC4 /* UIKit.framework */; };
		7CC04701197D582100872EC4 /* InfoPlist.strings in Resources */ = {isa = PBXBuildFile; fileRef = 7CC046FF197D582100872EC4 /* InfoPlist.strings */; };
		7CC04703197D582100872EC4 /* main.m in Sources */ = {isa = PBXBuildFile; fileRef = 7CC04702197D582100872EC4 /* main.m */; };
		7CC04707197D582100872EC4 /* ADAppDelegate.m in Sources */ = {isa = PBXBuildFile; fileRef = 7CC04706197D582100872EC4 /* ADAppDelegate.m */; };
		7CC0470A197D582100872EC4 /* Main.storyboard in Resources */ = {isa = PBXBuildFile; fileRef = 7CC04708197D582100872EC4 /* Main.storyboard */; };
		7CC0470D197D582100872EC4 /* ADViewController.m in Sources */ = {isa = PBXBuildFile; fileRef = 7CC0470C197D582100872EC4 /* ADViewController.m */; };
		7CC0470F197D582100872EC4 /* Images.xcassets in Resources */ = {isa = PBXBuildFile; fileRef = 7CC0470E197D582100872EC4 /* Images.xcassets */; };
		7CC04716197D582100872EC4 /* XCTest.framework in Frameworks */ = {isa = PBXBuildFile; fileRef = 7CC04715197D582100872EC4 /* XCTest.framework */; };
		7CC04717197D582100872EC4 /* Foundation.framework in Frameworks */ = {isa = PBXBuildFile; fileRef = 7CC046F6197D582100872EC4 /* Foundation.framework */; };
		7CC04718197D582100872EC4 /* UIKit.framework in Frameworks */ = {isa = PBXBuildFile; fileRef = 7CC046FA197D582100872EC4 /* UIKit.framework */; };
		7CC04720197D582100872EC4 /* InfoPlist.strings in Resources */ = {isa = PBXBuildFile; fileRef = 7CC0471E197D582100872EC4 /* InfoPlist.strings */; };
		7CC04722197D582100872EC4 /* Funky_Unit_ConverterTests.m in Sources */ = {isa = PBXBuildFile; fileRef = 7CC04721197D582100872EC4 /* Funky_Unit_ConverterTests.m */; };
/* End PBXBuildFile section */

/* Begin PBXContainerItemProxy section */
		7CC04719197D582100872EC4 /* PBXContainerItemProxy */ = {
			isa = PBXContainerItemProxy;
			containerPortal = 7CC046EB197D582100872EC4 /* Project object */;
			proxyType = 1;
			remoteGlobalIDString = 7CC046F2197D582100872EC4;
			remoteInfo = "Funky Unit Converter";
		};
/* End PBXContainerItemProxy section */

/* Begin PBXFileReference section */
		7CC046F3197D582100872EC4 /* Prijevoz.app */ = {isa = PBXFileReference; explicitFileType = wrapper.application; includeInIndex = 0; path = Prijevoz.app; sourceTree = BUILT_PRODUCTS_DIR; };
		7CC046F6197D582100872EC4 /* Foundation.framework */ = {isa = PBXFileReference; lastKnownFileType = wrapper.framework; name = Foundation.framework; path = System/Library/Frameworks/Foundation.framework; sourceTree = SDKROOT; };
		7CC046F8197D582100872EC4 /* CoreGraphics.framework */ = {isa = PBXFileReference; lastKnownFileType = wrapper.framework; name = CoreGraphics.framework; path = System/Library/Frameworks/CoreGraphics.framework; sourceTree = SDKROOT; };
		7CC046FA197D582100872EC4 /* UIKit.framework */ = {isa = PBXFileReference; lastKnownFileType = wrapper.framework; name = UIKit.framework; path = System/Library/Frameworks/UIKit.framework; sourceTree = SDKROOT; };
		7CC046FE197D582100872EC4 /* Prijevoz-Info.plist */ = {isa = PBXFileReference; lastKnownFileType = text.plist.xml; path = "Prijevoz-Info.plist"; sourceTree = "<group>"; };
		7CC04700197D582100872EC4 /* en */ = {isa = PBXFileReference; lastKnownFileType = text.plist.strings; name = en; path = en.lproj/InfoPlist.strings; sourceTree = "<group>"; };
		7CC04702197D582100872EC4 /* main.m */ = {isa = PBXFileReference; lastKnownFileType = sourcecode.c.objc; path = main.m; sourceTree = "<group>"; };
		7CC04704197D582100872EC4 /* Prijevoz-Prefix.pch */ = {isa = PBXFileReference; lastKnownFileType = sourcecode.c.h; path = "Prijevoz-Prefix.pch"; sourceTree = "<group>"; };
		7CC04705197D582100872EC4 /* ADAppDelegate.h */ = {isa = PBXFileReference; lastKnownFileType = sourcecode.c.h; path = ADAppDelegate.h; sourceTree = "<group>"; };
		7CC04706197D582100872EC4 /* ADAppDelegate.m */ = {isa = PBXFileReference; lastKnownFileType = sourcecode.c.objc; path = ADAppDelegate.m; sourceTree = "<group>"; };
		7CC04709197D582100872EC4 /* Base */ = {isa = PBXFileReference; lastKnownFileType = file.storyboard; name = Base; path = Base.lproj/Main.storyboard; sourceTree = "<group>"; };
		7CC0470B197D582100872EC4 /* ADViewController.h */ = {isa = PBXFileReference; lastKnownFileType = sourcecode.c.h; path = ADViewController.h; sourceTree = "<group>"; };
		7CC0470C197D582100872EC4 /* ADViewController.m */ = {isa = PBXFileReference; lastKnownFileType = sourcecode.c.objc; path = ADViewController.m; sourceTree = "<group>"; };
		7CC0470E197D582100872EC4 /* Images.xcassets */ = {isa = PBXFileReference; lastKnownFileType = folder.assetcatalog; path = Images.xcassets; sourceTree = "<group>"; };
		7CC04714197D582100872EC4 /* PrijevozTests.xctest */ = {isa = PBXFileReference; explicitFileType = wrapper.cfbundle; includeInIndex = 0; path = PrijevozTests.xctest; sourceTree = BUILT_PRODUCTS_DIR; };
		7CC04715197D582100872EC4 /* XCTest.framework */ = {isa = PBXFileReference; lastKnownFileType = wrapper.framework; name = XCTest.framework; path = Library/Frameworks/XCTest.framework; sourceTree = DEVELOPER_DIR; };
		7CC0471D197D582100872EC4 /* PrijevozTests-Info.plist */ = {isa = PBXFileReference; lastKnownFileType = text.plist.xml; path = "PrijevozTests-Info.plist"; sourceTree = "<group>"; };
		7CC0471F197D582100872EC4 /* en */ = {isa = PBXFileReference; lastKnownFileType = text.plist.strings; name = en; path = en.lproj/InfoPlist.strings; sourceTree = "<group>"; };
		7CC04721197D582100872EC4 /* Funky_Unit_ConverterTests.m */ = {isa = PBXFileReference; lastKnownFileType = sourcecode.c.objc; path = Funky_Unit_ConverterTests.m; sourceTree = "<group>"; };
/* End PBXFileReference section */

/* Begin PBXFrameworksBuildPhase section */
		7CC046F0197D582100872EC4 /* Frameworks */ = {
			isa = PBXFrameworksBuildPhase;
			buildActionMask = 2147483647;
			files = (
				7CC046F9197D582100872EC4 /* CoreGraphics.framework in Frameworks */,
				7CC046FB197D582100872EC4 /* UIKit.framework in Frameworks */,
				7CC046F7197D582100872EC4 /* Foundation.framework in Frameworks */,
			);
			runOnlyForDeploymentPostprocessing = 0;
		};
		7CC04711197D582100872EC4 /* Frameworks */ = {
			isa = PBXFrameworksBuildPhase;
			buildActionMask = 2147483647;
			files = (
				7CC04716197D582100872EC4 /* XCTest.framework in Frameworks */,
				7CC04718197D582100872EC4 /* UIKit.framework in Frameworks */,
				7CC04717197D582100872EC4 /* Foundation.framework in Frameworks */,
			);
			runOnlyForDeploymentPostprocessing = 0;
		};
/* End PBXFrameworksBuildPhase section */

/* Begin PBXGroup section */
		7CC046EA197D582100872EC4 = {
			isa = PBXGroup;
			children = (
				7CC046FC197D582100872EC4 /* Funky Unit Converter */,
				7CC0471B197D582100872EC4 /* Funky Unit ConverterTests */,
				7CC046F5197D582100872EC4 /* Frameworks */,
				7CC046F4197D582100872EC4 /* Products */,
			);
			sourceTree = "<group>";
		};
		7CC046F4197D582100872EC4 /* Products */ = {
			isa = PBXGroup;
			children = (
				7CC046F3197D582100872EC4 /* Prijevoz.app */,
				7CC04714197D582100872EC4 /* PrijevozTests.xctest */,
			);
			name = Products;
			sourceTree = "<group>";
		};
		7CC046F5197D582100872EC4 /* Frameworks */ = {
			isa = PBXGroup;
			children = (
				7CC046F6197D582100872EC4 /* Foundation.framework */,
				7CC046F8197D582100872EC4 /* CoreGraphics.framework */,
				7CC046FA197D582100872EC4 /* UIKit.framework */,
				7CC04715197D582100872EC4 /* XCTest.framework */,
			);
			name = Frameworks;
			sourceTree = "<group>";
		};
		7CC046FC197D582100872EC4 /* Funky Unit Converter */ = {
			isa = PBXGroup;
			children = (
				7CC04705197D582100872EC4 /* ADAppDelegate.h */,
				7CC04706197D582100872EC4 /* ADAppDelegate.m */,
				7CC04708197D582100872EC4 /* Main.storyboard */,
				7CC0470B197D582100872EC4 /* ADViewController.h */,
				7CC0470C197D582100872EC4 /* ADViewController.m */,
				7CC0470E197D582100872EC4 /* Images.xcassets */,
				7CC046FD197D582100872EC4 /* Supporting Files */,
			);
			path = "Funky Unit Converter";
			sourceTree = "<group>";
		};
		7CC046FD197D582100872EC4 /* Supporting Files */ = {
			isa = PBXGroup;
			children = (
				7CC046FE197D582100872EC4 /* Prijevoz-Info.plist */,
				7CC046FF197D582100872EC4 /* InfoPlist.strings */,
				7CC04702197D582100872EC4 /* main.m */,
				7CC04704197D582100872EC4 /* Prijevoz-Prefix.pch */,
			);
			name = "Supporting Files";
			sourceTree = "<group>";
		};
		7CC0471B197D582100872EC4 /* Funky Unit ConverterTests */ = {
			isa = PBXGroup;
			children = (
				7CC04721197D582100872EC4 /* Funky_Unit_ConverterTests.m */,
				7CC0471C197D582100872EC4 /* Supporting Files */,
			);
			path = "Funky Unit ConverterTests";
			sourceTree = "<group>";
		};
		7CC0471C197D582100872EC4 /* Supporting Files */ = {
			isa = PBXGroup;
			children = (
				7CC0471D197D582100872EC4 /* PrijevozTests-Info.plist */,
				7CC0471E197D582100872EC4 /* InfoPlist.strings */,
			);
			name = "Supporting Files";
			sourceTree = "<group>";
		};
/* End PBXGroup section */

/* Begin PBXNativeTarget section */
		7CC046F2197D582100872EC4 /* Prijevoz */ = {
			isa = PBXNativeTarget;
			buildConfigurationList = 7CC04725197D582100872EC4 /* Build configuration list for PBXNativeTarget "Prijevoz" */;
			buildPhases = (
				7CC046EF197D582100872EC4 /* Sources */,
				7CC046F0197D582100872EC4 /* Frameworks */,
				7CC046F1197D582100872EC4 /* Resources */,
			);
			buildRules = (
			);
			dependencies = (
			);
			name = Prijevoz;
			productName = "Funky Unit Converter";
			productReference = 7CC046F3197D582100872EC4 /* Prijevoz.app */;
			productType = "com.apple.product-type.application";
		};
		7CC04713197D582100872EC4 /* PrijevozTests */ = {
			isa = PBXNativeTarget;
			buildConfigurationList = 7CC04728197D582100872EC4 /* Build configuration list for PBXNativeTarget "PrijevozTests" */;
			buildPhases = (
				7CC04710197D582100872EC4 /* Sources */,
				7CC04711197D582100872EC4 /* Frameworks */,
				7CC04712197D582100872EC4 /* Resources */,
			);
			buildRules = (
			);
			dependencies = (
				7CC0471A197D582100872EC4 /* PBXTargetDependency */,
			);
			name = PrijevozTests;
			productName = "Funky Unit ConverterTests";
			productReference = 7CC04714197D582100872EC4 /* PrijevozTests.xctest */;
			productType = "com.apple.product-type.bundle.unit-test";
		};
/* End PBXNativeTarget section */

/* Begin PBXProject section */
		7CC046EB197D582100872EC4 /* Project object */ = {
			isa = PBXProject;
			attributes = {
				CLASSPREFIX = AD;
				LastUpgradeCheck = 0510;
				ORGANIZATIONNAME = ADproduction;
				TargetAttributes = {
					7CC04713197D582100872EC4 = {
						TestTargetID = 7CC046F2197D582100872EC4;
					};
				};
			};
			buildConfigurationList = 7CC046EE197D582100872EC4 /* Build configuration list for PBXProject "Prijevoz" */;
			compatibilityVersion = "Xcode 3.2";
			developmentRegion = English;
			hasScannedForEncodings = 0;
			knownRegions = (
				en,
				Base,
			);
			mainGroup = 7CC046EA197D582100872EC4;
			productRefGroup = 7CC046F4197D582100872EC4 /* Products */;
			projectDirPath = "";
			projectRoot = "";
			targets = (
				7CC046F2197D582100872EC4 /* Prijevoz */,
				7CC04713197D582100872EC4 /* PrijevozTests */,
			);
		};
/* End PBXProject section */

/* Begin PBXResourcesBuildPhase section */
		7CC046F1197D582100872EC4 /* Resources */ = {
			isa = PBXResourcesBuildPhase;
			buildActionMask = 2147483647;
			files = (
				7CC0470F197D582100872EC4 /* Images.xcassets in Resources */,
				7CC04701197D582100872EC4 /* InfoPlist.strings in Resources */,
				7CC0470A197D582100872EC4 /* Main.storyboard in Resources */,
			);
			runOnlyForDeploymentPostprocessing = 0;
		};
		7CC04712197D582100872EC4 /* Resources */ = {
			isa = PBXResourcesBuildPhase;
			buildActionMask = 2147483647;
			files = (
				7CC04720197D582100872EC4 /* InfoPlist.strings in Resources */,
			);
			runOnlyForDeploymentPostprocessing = 0;
		};
/* End PBXResourcesBuildPhase section */

/* Begin PBXSourcesBuildPhase section */
		7CC046EF197D582100872EC4 /* Sources */ = {
			isa = PBXSourcesBuildPhase;
			buildActionMask = 2147483647;
			files = (
				7CC04703197D582100872EC4 /* main.m in Sources */,
				7CC0470D197D582100872EC4 /* ADViewController.m in Sources */,
				7CC04707197D582100872EC4 /* ADAppDelegate.m in Sources */,
			);
			runOnlyForDeploymentPostprocessing = 0;
		};
		7CC04710197D582100872EC4 /* Sources */ = {
			isa = PBXSourcesBuildPhase;
			buildActionMask = 2147483647;
			files = (
				7CC04722197D582100872EC4 /* Funky_Unit_ConverterTests.m in Sources */,
			);
			runOnlyForDeploymentPostprocessing = 0;
		};
/* End PBXSourcesBuildPhase section */

/* Begin PBXTargetDependency section */
		7CC0471A197D582100872EC4 /* PBXTargetDependency */ = {
			isa = PBXTargetDependency;
			target = 7CC046F2197D582100872EC4 /* Prijevoz */;
			targetProxy = 7CC04719197D582100872EC4 /* PBXContainerItemProxy */;
		};
/* End PBXTargetDependency section */

/* Begin PBXVariantGroup section */
		7CC046FF197D582100872EC4 /* InfoPlist.strings */ = {
			isa = PBXVariantGroup;
			children = (
				7CC04700197D582100872EC4 /* en */,
			);
			name = InfoPlist.strings;
			sourceTree = "<group>";
		};
		7CC04708197D582100872EC4 /* Main.storyboard */ = {
			isa = PBXVariantGroup;
			children = (
				7CC04709197D582100872EC4 /* Base */,
			);
			name = Main.storyboard;
			sourceTree = "<group>";
		};
		7CC0471E197D582100872EC4 /* InfoPlist.strings */ = {
			isa = PBXVariantGroup;
			children = (
				7CC0471F197D582100872EC4 /* en */,
			);
			name = InfoPlist.strings;
			sourceTree = "<group>";
		};
/* End PBXVariantGroup section */

/* Begin XCBuildConfiguration section */
		7CC04723197D582100872EC4 /* Debug */ = {
			isa = XCBuildConfiguration;
			buildSettings = {
				ALWAYS_SEARCH_USER_PATHS = NO;
				CLANG_CXX_LANGUAGE_STANDARD = "gnu++0x";
				CLANG_CXX_LIBRARY = "libc++";
				CLANG_ENABLE_MODULES = YES;
				CLANG_ENABLE_OBJC_ARC = YES;
				CLANG_WARN_BOOL_CONVERSION = YES;
				CLANG_WARN_CONSTANT_CONVERSION = YES;
				CLANG_WARN_DIRECT_OBJC_ISA_USAGE = YES_ERROR;
				CLANG_WARN_EMPTY_BODY = YES;
				CLANG_WARN_ENUM_CONVERSION = YES;
				CLANG_WARN_INT_CONVERSION = YES;
				CLANG_WARN_OBJC_ROOT_CLASS = YES_ERROR;
				CLANG_WARN__DUPLICATE_METHOD_MATCH = YES;
				"CODE_SIGN_IDENTITY[sdk=iphoneos*]" = "iPhone Developer";
				COPY_PHASE_STRIP = NO;
				GCC_C_LANGUAGE_STANDARD = gnu99;
				GCC_DYNAMIC_NO_PIC = NO;
				GCC_OPTIMIZATION_LEVEL = 0;
				GCC_PREPROCESSOR_DEFINITIONS = (
					"DEBUG=1",
					"$(inherited)",
				);
				GCC_SYMBOLS_PRIVATE_EXTERN = NO;
				GCC_WARN_64_TO_32_BIT_CONVERSION = YES;
				GCC_WARN_ABOUT_RETURN_TYPE = YES_ERROR;
				GCC_WARN_UNDECLARED_SELECTOR = YES;
				GCC_WARN_UNINITIALIZED_AUTOS = YES_AGGRESSIVE;
				GCC_WARN_UNUSED_FUNCTION = YES;
				GCC_WARN_UNUSED_VARIABLE = YES;
				IPHONEOS_DEPLOYMENT_TARGET = 7.1;
				ONLY_ACTIVE_ARCH = YES;
				SDKROOT = iphoneos;
			};
			name = Debug;
		};
		7CC04724197D582100872EC4 /* Release */ = {
			isa = XCBuildConfiguration;
			buildSettings = {
				ALWAYS_SEARCH_USER_PATHS = NO;
				CLANG_CXX_LANGUAGE_STANDARD = "gnu++0x";
				CLANG_CXX_LIBRARY = "libc++";
				CLANG_ENABLE_MODULES = YES;
				CLANG_ENABLE_OBJC_ARC = YES;
				CLANG_WARN_BOOL_CONVERSION = YES;
				CLANG_WARN_CONSTANT_CONVERSION = YES;
				CLANG_WARN_DIRECT_OBJC_ISA_USAGE = YES_ERROR;
				CLANG_WARN_EMPTY_BODY = YES;
				CLANG_WARN_ENUM_CONVERSION = YES;
				CLANG_WARN_INT_CONVERSION = YES;
				CLANG_WARN_OBJC_ROOT_CLASS = YES_ERROR;
				CLANG_WARN__DUPLICATE_METHOD_MATCH = YES;
				"CODE_SIGN_IDENTITY[sdk=iphoneos*]" = "iPhone Developer";
				COPY_PHASE_STRIP = YES;
				ENABLE_NS_ASSERTIONS = NO;
				GCC_C_LANGUAGE_STANDARD = gnu99;
				GCC_WARN_64_TO_32_BIT_CONVERSION = YES;
				GCC_WARN_ABOUT_RETURN_TYPE = YES_ERROR;
				GCC_WARN_UNDECLARED_SELECTOR = YES;
				GCC_WARN_UNINITIALIZED_AUTOS = YES_AGGRESSIVE;
				GCC_WARN_UNUSED_FUNCTION = YES;
				GCC_WARN_UNUSED_VARIABLE = YES;
				IPHONEOS_DEPLOYMENT_TARGET = 7.1;
				SDKROOT = iphoneos;
				VALIDATE_PRODUCT = YES;
			};
			name = Release;
		};
		7CC04726197D582100872EC4 /* Debug */ = {
			isa = XCBuildConfiguration;
			buildSettings = {
				ASSETCATALOG_COMPILER_APPICON_NAME = AppIcon;
				ASSETCATALOG_COMPILER_LAUNCHIMAGE_NAME = LaunchImage;
				GCC_PRECOMPILE_PREFIX_HEADER = YES;
				GCC_PREFIX_HEADER = "Funky Unit Converter/Prijevoz-Prefix.pch";
				INFOPLIST_FILE = "Funky Unit Converter/Prijevoz-Info.plist";
				PRODUCT_NAME = Prijevoz;
				WRAPPER_EXTENSION = app;
			};
			name = Debug;
		};
		7CC04727197D582100872EC4 /* Release */ = {
			isa = XCBuildConfiguration;
			buildSettings = {
				ASSETCATALOG_COMPILER_APPICON_NAME = AppIcon;
				ASSETCATALOG_COMPILER_LAUNCHIMAGE_NAME = LaunchImage;
				GCC_PRECOMPILE_PREFIX_HEADER = YES;
				GCC_PREFIX_HEADER = "Funky Unit Converter/Prijevoz-Prefix.pch";
				INFOPLIST_FILE = "Funky Unit Converter/Prijevoz-Info.plist";
				PRODUCT_NAME = Prijevoz;
				WRAPPER_EXTENSION = app;
			};
			name = Release;
		};
		7CC04729197D582100872EC4 /* Debug */ = {
			isa = XCBuildConfiguration;
			buildSettings = {
				BUNDLE_LOADER = "$(BUILT_PRODUCTS_DIR)/Funky Unit Converter.app/Funky Unit Converter";
				FRAMEWORK_SEARCH_PATHS = (
					"$(SDKROOT)/Developer/Library/Frameworks",
					"$(inherited)",
					"$(DEVELOPER_FRAMEWORKS_DIR)",
				);
				GCC_PRECOMPILE_PREFIX_HEADER = YES;
				GCC_PREFIX_HEADER = "Funky Unit Converter/Funky Unit Converter-Prefix.pch";
				GCC_PREPROCESSOR_DEFINITIONS = (
					"DEBUG=1",
					"$(inherited)",
				);
				INFOPLIST_FILE = "Funky Unit ConverterTests/PrijevozTests-Info.plist";
				PRODUCT_NAME = PrijevozTests;
				TEST_HOST = "$(BUNDLE_LOADER)";
				WRAPPER_EXTENSION = xctest;
			};
			name = Debug;
		};
		7CC0472A197D582100872EC4 /* Release */ = {
			isa = XCBuildConfiguration;
			buildSettings = {
				BUNDLE_LOADER = "$(BUILT_PRODUCTS_DIR)/Funky Unit Converter.app/Funky Unit Converter";
				FRAMEWORK_SEARCH_PATHS = (
					"$(SDKROOT)/Developer/Library/Frameworks",
					"$(inherited)",
					"$(DEVELOPER_FRAMEWORKS_DIR)",
				);
				GCC_PRECOMPILE_PREFIX_HEADER = YES;
				GCC_PREFIX_HEADER = "Funky Unit Converter/Funky Unit Converter-Prefix.pch";
				INFOPLIST_FILE = "Funky Unit ConverterTests/PrijevozTests-Info.plist";
				PRODUCT_NAME = PrijevozTests;
				TEST_HOST = "$(BUNDLE_LOADER)";
				WRAPPER_EXTENSION = xctest;
			};
			name = Release;
		};
/* End XCBuildConfiguration section */

/* Begin XCConfigurationList section */
		7CC046EE197D582100872EC4 /* Build configuration list for PBXProject "Prijevoz" */ = {
			isa = XCConfigurationList;
			buildConfigurations = (
				7CC04723197D582100872EC4 /* Debug */,
				7CC04724197D582100872EC4 /* Release */,
			);
			defaultConfigurationIsVisible = 0;
			defaultConfigurationName = Release;
		};
		7CC04725197D582100872EC4 /* Build configuration list for PBXNativeTarget "Prijevoz" */ = {
			isa = XCConfigurationList;
			buildConfigurations = (
				7CC04726197D582100872EC4 /* Debug */,
				7CC04727197D582100872EC4 /* Release */,
			);
			defaultConfigurationIsVisible = 0;
			defaultConfigurationName = Release;
		};
		7CC04728197D582100872EC4 /* Build configuration list for PBXNativeTarget "PrijevozTests" */ = {
			isa = XCConfigurationList;
			buildConfigurations = (
				7CC04729197D582100872EC4 /* Debug */,
				7CC0472A197D582100872EC4 /* Release */,
			);
			defaultConfigurationIsVisible = 0;
			defaultConfigurationName = Release;
		};
/* End XCConfigurationList section */
	};
	rootObject = 7CC046EB197D582100872EC4 /* Project object */;
}
